
Microsoft Visual Studio Solution File, Format Version 12.00
# Visual Studio Version 17
VisualStudioVersion = 17.14.36518.9
MinimumVisualStudioVersion = 10.0.40219.1
Project("{FAE04EC0-301F-11D3-BF4B-00C04F79EFBC}") = "EmployeeAndDepartmentApp", "EmployeeAndDepartmentApp\EmployeeAndDepartmentApp.csproj", "{3D6C39E7-89BD-4ABD-8731-14F836A90DC9}"
EndProject
Project("{FAE04EC0-301F-11D3-BF4B-00C04F79EFBC}") = "ImageReatedWork", "ImageReatedWork\ImageReatedWork.csproj", "{47505575-D002-40CD-93CF-73414E22CCA6}"
EndProject
Global
	GlobalSection(SolutionConfigurationPlatforms) = preSolution
		Debug|Any CPU = Debug|Any CPU
		Release|Any CPU = Release|Any CPU
	EndGlobalSection
	GlobalSection(ProjectConfigurationPlatforms) = postSolution
		{3D6C39E7-89BD-4ABD-8731-14F836A90DC9}.Debug|Any CPU.ActiveCfg = Debug|Any CPU
		{3D6C39E7-89BD-4ABD-8731-14F836A90DC9}.Debug|Any CPU.Build.0 = Debug|Any CPU
		{3D6C39E7-89BD-4ABD-8731-14F836A90DC9}.Release|Any CPU.ActiveCfg = Release|Any CPU
		{3D6C39E7-89BD-4ABD-8731-14F836A90DC9}.Release|Any CPU.Build.0 = Release|Any CPU
		{47505575-D002-40CD-93CF-73414E22CCA6}.Debug|Any CPU.ActiveCfg = Debug|Any CPU
		{47505575-D002-40CD-93CF-73414E22CCA6}.Debug|Any CPU.Build.0 = Debug|Any CPU
		{47505575-D002-40CD-93CF-73414E22CCA6}.Release|Any CPU.ActiveCfg = Release|Any CPU
		{47505575-D002-40CD-93CF-73414E22CCA6}.Release|Any CPU.Build.0 = Release|Any CPU
	EndGlobalSection
	GlobalSection(SolutionProperties) = preSolution
		HideSolutionNode = FALSE
	EndGlobalSection
	GlobalSection(ExtensibilityGlobals) = postSolution
		SolutionGuid = {598E955B-1E69-4496-BF06-A19B5EF8B5CF}
	EndGlobalSection
EndGlobal
